
Microsoft Visual Studio Solution File, Format Version 12.00
# Visual Studio Version 17
VisualStudioVersion = 17.10.34928.147
MinimumVisualStudioVersion = 10.0.40219.1
Project("{FAE04EC0-301F-11D3-BF4B-00C04F79EFBC}") = "QLCaPhe", "QLCaPhe\QLCaPhe.csproj", "{64AB33C1-68C3-4361-8BFD-95CA10A3FF1B}"
EndProject
Global
	GlobalSection(SolutionConfigurationPlatforms) = preSolution
		Debug|Any CPU = Debug|Any CPU
		Release|Any CPU = Release|Any CPU
	EndGlobalSection
	GlobalSection(ProjectConfigurationPlatforms) = postSolution
		{64AB33C1-68C3-4361-8BFD-95CA10A3FF1B}.Debug|Any CPU.ActiveCfg = Debug|Any CPU
		{64AB33C1-68C3-4361-8BFD-95CA10A3FF1B}.Debug|Any CPU.Build.0 = Debug|Any CPU
		{64AB33C1-68C3-4361-8BFD-95CA10A3FF1B}.Release|Any CPU.ActiveCfg = Release|Any CPU
		{64AB33C1-68C3-4361-8BFD-95CA10A3FF1B}.Release|Any CPU.Build.0 = Release|Any CPU
	EndGlobalSection
	GlobalSection(SolutionProperties) = preSolution
		HideSolutionNode = FALSE
	EndGlobalSection
	GlobalSection(ExtensibilityGlobals) = postSolution
		SolutionGuid = {5905EEA8-0686-4A39-9276-5AFD7E381A6B}
	EndGlobalSection
EndGlobal
